
Microsoft Visual Studio Solution File, Format Version 12.00
# Visual Studio Version 17
VisualStudioVersion = 17.0.31903.59
MinimumVisualStudioVersion = 10.0.40219.1
Project("{2150E333-8FDC-42A3-9474-1A3956D46DE8}") = "src", "src", "{1EF32545-4D0A-443E-A831-76280EB4CED8}"
EndProject
Project("{FAE04EC0-301F-11D3-BF4B-00C04F79EFBC}") = "Osm.Domain", "src\Osm.Domain\Osm.Domain.csproj", "{2DC19AA4-ED74-411D-9C56-01CC5ABE1DAD}"
EndProject
Project("{FAE04EC0-301F-11D3-BF4B-00C04F79EFBC}") = "Osm.Json", "src\Osm.Json\Osm.Json.csproj", "{851B31BB-8595-48F9-8FD0-BABAB09A6DBF}"
EndProject
Project("{FAE04EC0-301F-11D3-BF4B-00C04F79EFBC}") = "Osm.Validation", "src\Osm.Validation\Osm.Validation.csproj", "{997E2B52-4FFF-45E2-99ED-DFAB2C72D142}"
EndProject
Project("{FAE04EC0-301F-11D3-BF4B-00C04F79EFBC}") = "Osm.Pipeline", "src\Osm.Pipeline\Osm.Pipeline.csproj", "{11E75D49-747E-4663-B2D9-62C3FE756624}"
EndProject
Project("{FAE04EC0-301F-11D3-BF4B-00C04F79EFBC}") = "Osm.Cli", "src\Osm.Cli\Osm.Cli.csproj", "{4EF05636-084F-4D74-ADE2-CD30E8063433}"
EndProject
Project("{2150E333-8FDC-42A3-9474-1A3956D46DE8}") = "tests", "tests", "{34C66D64-C830-42D6-BF9F-89AEB22935B8}"
EndProject
Project("{2150E333-8FDC-42A3-9474-1A3956D46DE8}") = "tools", "tools", "{5DD69A25-217E-46A4-B419-DF9F5586B29D}"
EndProject
Project("{FAE04EC0-301F-11D3-BF4B-00C04F79EFBC}") = "Osm.LoadHarness", "src\\Osm.LoadHarness\\Osm.LoadHarness.csproj", "{CBE1F020-97DF-4232-A01F-2B312366FD47}"
EndProject
Project("{FAE04EC0-301F-11D3-BF4B-00C04F79EFBC}") = "FullExportLoadHarness", "tools\\FullExportLoadHarness\\FullExportLoadHarness.csproj", "{72E2FB9D-68C6-41AA-B9B6-688BF3A49388}"
EndProject
Project("{FAE04EC0-301F-11D3-BF4B-00C04F79EFBC}") = "Osm.Domain.Tests", "tests\Osm.Domain.Tests\Osm.Domain.Tests.csproj", "{C532A31C-843F-4856-B85A-051DAE0CFB36}"
EndProject
Project("{FAE04EC0-301F-11D3-BF4B-00C04F79EFBC}") = "Osm.Json.Tests", "tests\Osm.Json.Tests\Osm.Json.Tests.csproj", "{9CB54658-CED1-47DD-A3A0-EFAEBE1E2614}"
EndProject
Project("{FAE04EC0-301F-11D3-BF4B-00C04F79EFBC}") = "Osm.Pipeline.Tests", "tests\Osm.Pipeline.Tests\Osm.Pipeline.Tests.csproj", "{AF61A251-71B0-4859-9138-A43599A2504E}"
EndProject
Project("{FAE04EC0-301F-11D3-BF4B-00C04F79EFBC}") = "Osm.Validation.Tests", "tests\Osm.Validation.Tests\Osm.Validation.Tests.csproj", "{D4A96F12-9B1D-4A7C-9A32-B8C09B1C8F9F}"
EndProject
Project("{FAE04EC0-301F-11D3-BF4B-00C04F79EFBC}") = "Osm.Smo", "src\Osm.Smo\Osm.Smo.csproj", "{09D99FCE-82DE-4CA3-965E-4396C04F158A}"
EndProject
Project("{FAE04EC0-301F-11D3-BF4B-00C04F79EFBC}") = "Osm.Emission", "src\Osm.Emission\Osm.Emission.csproj", "{A93B52C5-E8B9-4BFE-9E4C-346EB24CE7D6}"
EndProject
Project("{FAE04EC0-301F-11D3-BF4B-00C04F79EFBC}") = "Osm.Dmm", "src\Osm.Dmm\Osm.Dmm.csproj", "{F4FDB56C-273E-475D-8C3D-10CEC5B561E6}"
EndProject
Project("{FAE04EC0-301F-11D3-BF4B-00C04F79EFBC}") = "Osm.Smo.Tests", "tests\Osm.Smo.Tests\Osm.Smo.Tests.csproj", "{B9F50871-DD86-4336-885B-D533AF2752FE}"
EndProject
Project("{FAE04EC0-301F-11D3-BF4B-00C04F79EFBC}") = "Osm.Emission.Tests", "tests\Osm.Emission.Tests\Osm.Emission.Tests.csproj", "{793E1EEA-6D93-40C1-9BBB-F67E130C96DC}"
EndProject
Project("{FAE04EC0-301F-11D3-BF4B-00C04F79EFBC}") = "Osm.Dmm.Tests", "tests\Osm.Dmm.Tests\Osm.Dmm.Tests.csproj", "{4D62A7DD-520A-4087-8F9F-5694399CBC03}"
EndProject
Project("{FAE04EC0-301F-11D3-BF4B-00C04F79EFBC}") = "Osm.Cli.Tests", "tests\Osm.Cli.Tests\Osm.Cli.Tests.csproj", "{7C72F029-4FE1-4326-93DB-C6F39DA1DB08}"
EndProject
Project("{FAE04EC0-301F-11D3-BF4B-00C04F79EFBC}") = "Osm.Etl.Integration.Tests", "tests\Osm.Etl.Integration.Tests\Osm.Etl.Integration.Tests.csproj", "{97110948-5319-4FAF-8409-FA98090DC23F}"
EndProject
Project("{FAE04EC0-301F-11D3-BF4B-00C04F79EFBC}") = "Osm.Pipeline.Integration.Tests", "tests\Osm.Pipeline.Integration.Tests\Osm.Pipeline.Integration.Tests.csproj", "{DBDFB267-85E5-4AF9-9B2D-FA4A4C51ACF4}"
EndProject
Project("{FAE04EC0-301F-11D3-BF4B-00C04F79EFBC}") = "Osm.LoadHarness.Integration.Tests", "tests\Osm.LoadHarness.Integration.Tests\Osm.LoadHarness.Integration.Tests.csproj", "{54DFF749-1437-4228-BF33-AEA58CF5FA59}"
EndProject
Project("{FAE04EC0-301F-11D3-BF4B-00C04F79EFBC}") = "Osm.LoadHarness.Tests", "tests\Osm.LoadHarness.Tests\Osm.LoadHarness.Tests.csproj", "{C3AAF37A-02A9-46CE-AB32-8B9FAD630038}"
EndProject
Global
	GlobalSection(SolutionConfigurationPlatforms) = preSolution
		Debug|Any CPU = Debug|Any CPU
		Debug|x64 = Debug|x64
		Debug|x86 = Debug|x86
		Release|Any CPU = Release|Any CPU
		Release|x64 = Release|x64
		Release|x86 = Release|x86
	EndGlobalSection
	GlobalSection(ProjectConfigurationPlatforms) = postSolution
		{2DC19AA4-ED74-411D-9C56-01CC5ABE1DAD}.Debug|Any CPU.ActiveCfg = Debug|Any CPU
		{2DC19AA4-ED74-411D-9C56-01CC5ABE1DAD}.Debug|Any CPU.Build.0 = Debug|Any CPU
		{2DC19AA4-ED74-411D-9C56-01CC5ABE1DAD}.Debug|x64.ActiveCfg = Debug|Any CPU
		{2DC19AA4-ED74-411D-9C56-01CC5ABE1DAD}.Debug|x64.Build.0 = Debug|Any CPU
		{2DC19AA4-ED74-411D-9C56-01CC5ABE1DAD}.Debug|x86.ActiveCfg = Debug|Any CPU
		{2DC19AA4-ED74-411D-9C56-01CC5ABE1DAD}.Debug|x86.Build.0 = Debug|Any CPU
		{2DC19AA4-ED74-411D-9C56-01CC5ABE1DAD}.Release|Any CPU.ActiveCfg = Release|Any CPU
		{2DC19AA4-ED74-411D-9C56-01CC5ABE1DAD}.Release|Any CPU.Build.0 = Release|Any CPU
		{2DC19AA4-ED74-411D-9C56-01CC5ABE1DAD}.Release|x64.ActiveCfg = Release|Any CPU
		{2DC19AA4-ED74-411D-9C56-01CC5ABE1DAD}.Release|x64.Build.0 = Release|Any CPU
		{2DC19AA4-ED74-411D-9C56-01CC5ABE1DAD}.Release|x86.ActiveCfg = Release|Any CPU
		{2DC19AA4-ED74-411D-9C56-01CC5ABE1DAD}.Release|x86.Build.0 = Release|Any CPU
		{851B31BB-8595-48F9-8FD0-BABAB09A6DBF}.Debug|Any CPU.ActiveCfg = Debug|Any CPU
		{851B31BB-8595-48F9-8FD0-BABAB09A6DBF}.Debug|Any CPU.Build.0 = Debug|Any CPU
		{851B31BB-8595-48F9-8FD0-BABAB09A6DBF}.Debug|x64.ActiveCfg = Debug|Any CPU
		{851B31BB-8595-48F9-8FD0-BABAB09A6DBF}.Debug|x64.Build.0 = Debug|Any CPU
		{851B31BB-8595-48F9-8FD0-BABAB09A6DBF}.Debug|x86.ActiveCfg = Debug|Any CPU
		{851B31BB-8595-48F9-8FD0-BABAB09A6DBF}.Debug|x86.Build.0 = Debug|Any CPU
		{851B31BB-8595-48F9-8FD0-BABAB09A6DBF}.Release|Any CPU.ActiveCfg = Release|Any CPU
		{851B31BB-8595-48F9-8FD0-BABAB09A6DBF}.Release|Any CPU.Build.0 = Release|Any CPU
		{851B31BB-8595-48F9-8FD0-BABAB09A6DBF}.Release|x64.ActiveCfg = Release|Any CPU
		{851B31BB-8595-48F9-8FD0-BABAB09A6DBF}.Release|x64.Build.0 = Release|Any CPU
		{851B31BB-8595-48F9-8FD0-BABAB09A6DBF}.Release|x86.ActiveCfg = Release|Any CPU
		{851B31BB-8595-48F9-8FD0-BABAB09A6DBF}.Release|x86.Build.0 = Release|Any CPU
		{997E2B52-4FFF-45E2-99ED-DFAB2C72D142}.Debug|Any CPU.ActiveCfg = Debug|Any CPU
		{997E2B52-4FFF-45E2-99ED-DFAB2C72D142}.Debug|Any CPU.Build.0 = Debug|Any CPU
		{997E2B52-4FFF-45E2-99ED-DFAB2C72D142}.Debug|x64.ActiveCfg = Debug|Any CPU
		{997E2B52-4FFF-45E2-99ED-DFAB2C72D142}.Debug|x64.Build.0 = Debug|Any CPU
		{997E2B52-4FFF-45E2-99ED-DFAB2C72D142}.Debug|x86.ActiveCfg = Debug|Any CPU
		{997E2B52-4FFF-45E2-99ED-DFAB2C72D142}.Debug|x86.Build.0 = Debug|Any CPU
		{997E2B52-4FFF-45E2-99ED-DFAB2C72D142}.Release|Any CPU.ActiveCfg = Release|Any CPU
		{997E2B52-4FFF-45E2-99ED-DFAB2C72D142}.Release|Any CPU.Build.0 = Release|Any CPU
		{997E2B52-4FFF-45E2-99ED-DFAB2C72D142}.Release|x64.ActiveCfg = Release|Any CPU
		{997E2B52-4FFF-45E2-99ED-DFAB2C72D142}.Release|x64.Build.0 = Release|Any CPU
		{997E2B52-4FFF-45E2-99ED-DFAB2C72D142}.Release|x86.ActiveCfg = Release|Any CPU
		{997E2B52-4FFF-45E2-99ED-DFAB2C72D142}.Release|x86.Build.0 = Release|Any CPU
		{11E75D49-747E-4663-B2D9-62C3FE756624}.Debug|Any CPU.ActiveCfg = Debug|Any CPU
		{11E75D49-747E-4663-B2D9-62C3FE756624}.Debug|Any CPU.Build.0 = Debug|Any CPU
		{11E75D49-747E-4663-B2D9-62C3FE756624}.Debug|x64.ActiveCfg = Debug|Any CPU
		{11E75D49-747E-4663-B2D9-62C3FE756624}.Debug|x64.Build.0 = Debug|Any CPU
		{11E75D49-747E-4663-B2D9-62C3FE756624}.Debug|x86.ActiveCfg = Debug|Any CPU
		{11E75D49-747E-4663-B2D9-62C3FE756624}.Debug|x86.Build.0 = Debug|Any CPU
		{11E75D49-747E-4663-B2D9-62C3FE756624}.Release|Any CPU.ActiveCfg = Release|Any CPU
		{11E75D49-747E-4663-B2D9-62C3FE756624}.Release|Any CPU.Build.0 = Release|Any CPU
		{11E75D49-747E-4663-B2D9-62C3FE756624}.Release|x64.ActiveCfg = Release|Any CPU
		{11E75D49-747E-4663-B2D9-62C3FE756624}.Release|x64.Build.0 = Release|Any CPU
		{11E75D49-747E-4663-B2D9-62C3FE756624}.Release|x86.ActiveCfg = Release|Any CPU
		{11E75D49-747E-4663-B2D9-62C3FE756624}.Release|x86.Build.0 = Release|Any CPU
		{4EF05636-084F-4D74-ADE2-CD30E8063433}.Debug|Any CPU.ActiveCfg = Debug|Any CPU
		{4EF05636-084F-4D74-ADE2-CD30E8063433}.Debug|Any CPU.Build.0 = Debug|Any CPU
		{4EF05636-084F-4D74-ADE2-CD30E8063433}.Debug|x64.ActiveCfg = Debug|Any CPU
		{4EF05636-084F-4D74-ADE2-CD30E8063433}.Debug|x64.Build.0 = Debug|Any CPU
		{4EF05636-084F-4D74-ADE2-CD30E8063433}.Debug|x86.ActiveCfg = Debug|Any CPU
		{4EF05636-084F-4D74-ADE2-CD30E8063433}.Debug|x86.Build.0 = Debug|Any CPU
		{4EF05636-084F-4D74-ADE2-CD30E8063433}.Release|Any CPU.ActiveCfg = Release|Any CPU
		{4EF05636-084F-4D74-ADE2-CD30E8063433}.Release|Any CPU.Build.0 = Release|Any CPU
		{4EF05636-084F-4D74-ADE2-CD30E8063433}.Release|x64.ActiveCfg = Release|Any CPU
		{4EF05636-084F-4D74-ADE2-CD30E8063433}.Release|x64.Build.0 = Release|Any CPU
		{4EF05636-084F-4D74-ADE2-CD30E8063433}.Release|x86.ActiveCfg = Release|Any CPU
		{4EF05636-084F-4D74-ADE2-CD30E8063433}.Release|x86.Build.0 = Release|Any CPU
		{CBE1F020-97DF-4232-A01F-2B312366FD47}.Debug|Any CPU.ActiveCfg = Debug|Any CPU
		{CBE1F020-97DF-4232-A01F-2B312366FD47}.Debug|Any CPU.Build.0 = Debug|Any CPU
		{CBE1F020-97DF-4232-A01F-2B312366FD47}.Debug|x64.ActiveCfg = Debug|Any CPU
		{CBE1F020-97DF-4232-A01F-2B312366FD47}.Debug|x64.Build.0 = Debug|Any CPU
		{CBE1F020-97DF-4232-A01F-2B312366FD47}.Debug|x86.ActiveCfg = Debug|Any CPU
		{CBE1F020-97DF-4232-A01F-2B312366FD47}.Debug|x86.Build.0 = Debug|Any CPU
		{CBE1F020-97DF-4232-A01F-2B312366FD47}.Release|Any CPU.ActiveCfg = Release|Any CPU
		{CBE1F020-97DF-4232-A01F-2B312366FD47}.Release|Any CPU.Build.0 = Release|Any CPU
		{CBE1F020-97DF-4232-A01F-2B312366FD47}.Release|x64.ActiveCfg = Release|Any CPU
		{CBE1F020-97DF-4232-A01F-2B312366FD47}.Release|x64.Build.0 = Release|Any CPU
		{CBE1F020-97DF-4232-A01F-2B312366FD47}.Release|x86.ActiveCfg = Release|Any CPU
		{CBE1F020-97DF-4232-A01F-2B312366FD47}.Release|x86.Build.0 = Release|Any CPU
		{72E2FB9D-68C6-41AA-B9B6-688BF3A49388}.Debug|Any CPU.ActiveCfg = Debug|Any CPU
		{72E2FB9D-68C6-41AA-B9B6-688BF3A49388}.Debug|Any CPU.Build.0 = Debug|Any CPU
		{72E2FB9D-68C6-41AA-B9B6-688BF3A49388}.Debug|x64.ActiveCfg = Debug|Any CPU
		{72E2FB9D-68C6-41AA-B9B6-688BF3A49388}.Debug|x64.Build.0 = Debug|Any CPU
		{72E2FB9D-68C6-41AA-B9B6-688BF3A49388}.Debug|x86.ActiveCfg = Debug|Any CPU
		{72E2FB9D-68C6-41AA-B9B6-688BF3A49388}.Debug|x86.Build.0 = Debug|Any CPU
		{72E2FB9D-68C6-41AA-B9B6-688BF3A49388}.Release|Any CPU.ActiveCfg = Release|Any CPU
		{72E2FB9D-68C6-41AA-B9B6-688BF3A49388}.Release|Any CPU.Build.0 = Release|Any CPU
		{72E2FB9D-68C6-41AA-B9B6-688BF3A49388}.Release|x64.ActiveCfg = Release|Any CPU
		{72E2FB9D-68C6-41AA-B9B6-688BF3A49388}.Release|x64.Build.0 = Release|Any CPU
		{72E2FB9D-68C6-41AA-B9B6-688BF3A49388}.Release|x86.ActiveCfg = Release|Any CPU
		{72E2FB9D-68C6-41AA-B9B6-688BF3A49388}.Release|x86.Build.0 = Release|Any CPU
		{C532A31C-843F-4856-B85A-051DAE0CFB36}.Debug|Any CPU.ActiveCfg = Debug|Any CPU
		{C532A31C-843F-4856-B85A-051DAE0CFB36}.Debug|Any CPU.Build.0 = Debug|Any CPU
		{C532A31C-843F-4856-B85A-051DAE0CFB36}.Debug|x64.ActiveCfg = Debug|Any CPU
		{C532A31C-843F-4856-B85A-051DAE0CFB36}.Debug|x64.Build.0 = Debug|Any CPU
		{C532A31C-843F-4856-B85A-051DAE0CFB36}.Debug|x86.ActiveCfg = Debug|Any CPU
		{C532A31C-843F-4856-B85A-051DAE0CFB36}.Debug|x86.Build.0 = Debug|Any CPU
		{C532A31C-843F-4856-B85A-051DAE0CFB36}.Release|Any CPU.ActiveCfg = Release|Any CPU
		{C532A31C-843F-4856-B85A-051DAE0CFB36}.Release|Any CPU.Build.0 = Release|Any CPU
		{C532A31C-843F-4856-B85A-051DAE0CFB36}.Release|x64.ActiveCfg = Release|Any CPU
		{C532A31C-843F-4856-B85A-051DAE0CFB36}.Release|x64.Build.0 = Release|Any CPU
		{C532A31C-843F-4856-B85A-051DAE0CFB36}.Release|x86.ActiveCfg = Release|Any CPU
		{C532A31C-843F-4856-B85A-051DAE0CFB36}.Release|x86.Build.0 = Release|Any CPU
		{9CB54658-CED1-47DD-A3A0-EFAEBE1E2614}.Debug|Any CPU.ActiveCfg = Debug|Any CPU
		{9CB54658-CED1-47DD-A3A0-EFAEBE1E2614}.Debug|Any CPU.Build.0 = Debug|Any CPU
		{9CB54658-CED1-47DD-A3A0-EFAEBE1E2614}.Debug|x64.ActiveCfg = Debug|Any CPU
		{9CB54658-CED1-47DD-A3A0-EFAEBE1E2614}.Debug|x64.Build.0 = Debug|Any CPU
		{9CB54658-CED1-47DD-A3A0-EFAEBE1E2614}.Debug|x86.ActiveCfg = Debug|Any CPU
		{9CB54658-CED1-47DD-A3A0-EFAEBE1E2614}.Debug|x86.Build.0 = Debug|Any CPU
		{9CB54658-CED1-47DD-A3A0-EFAEBE1E2614}.Release|Any CPU.ActiveCfg = Release|Any CPU
		{9CB54658-CED1-47DD-A3A0-EFAEBE1E2614}.Release|Any CPU.Build.0 = Release|Any CPU
		{9CB54658-CED1-47DD-A3A0-EFAEBE1E2614}.Release|x64.ActiveCfg = Release|Any CPU
		{9CB54658-CED1-47DD-A3A0-EFAEBE1E2614}.Release|x64.Build.0 = Release|Any CPU
		{9CB54658-CED1-47DD-A3A0-EFAEBE1E2614}.Release|x86.ActiveCfg = Release|Any CPU
		{9CB54658-CED1-47DD-A3A0-EFAEBE1E2614}.Release|x86.Build.0 = Release|Any CPU
		{AF61A251-71B0-4859-9138-A43599A2504E}.Debug|Any CPU.ActiveCfg = Debug|Any CPU
		{AF61A251-71B0-4859-9138-A43599A2504E}.Debug|Any CPU.Build.0 = Debug|Any CPU
		{AF61A251-71B0-4859-9138-A43599A2504E}.Debug|x64.ActiveCfg = Debug|Any CPU
		{AF61A251-71B0-4859-9138-A43599A2504E}.Debug|x64.Build.0 = Debug|Any CPU
		{AF61A251-71B0-4859-9138-A43599A2504E}.Debug|x86.ActiveCfg = Debug|Any CPU
		{AF61A251-71B0-4859-9138-A43599A2504E}.Debug|x86.Build.0 = Debug|Any CPU
		{AF61A251-71B0-4859-9138-A43599A2504E}.Release|Any CPU.ActiveCfg = Release|Any CPU
		{AF61A251-71B0-4859-9138-A43599A2504E}.Release|Any CPU.Build.0 = Release|Any CPU
		{AF61A251-71B0-4859-9138-A43599A2504E}.Release|x64.ActiveCfg = Release|Any CPU
		{AF61A251-71B0-4859-9138-A43599A2504E}.Release|x64.Build.0 = Release|Any CPU
		{AF61A251-71B0-4859-9138-A43599A2504E}.Release|x86.ActiveCfg = Release|Any CPU
		{AF61A251-71B0-4859-9138-A43599A2504E}.Release|x86.Build.0 = Release|Any CPU
		{D4A96F12-9B1D-4A7C-9A32-B8C09B1C8F9F}.Debug|Any CPU.ActiveCfg = Debug|Any CPU
		{D4A96F12-9B1D-4A7C-9A32-B8C09B1C8F9F}.Debug|Any CPU.Build.0 = Debug|Any CPU
		{D4A96F12-9B1D-4A7C-9A32-B8C09B1C8F9F}.Debug|x64.ActiveCfg = Debug|Any CPU
		{D4A96F12-9B1D-4A7C-9A32-B8C09B1C8F9F}.Debug|x64.Build.0 = Debug|Any CPU
		{D4A96F12-9B1D-4A7C-9A32-B8C09B1C8F9F}.Debug|x86.ActiveCfg = Debug|Any CPU
		{D4A96F12-9B1D-4A7C-9A32-B8C09B1C8F9F}.Debug|x86.Build.0 = Debug|Any CPU
		{D4A96F12-9B1D-4A7C-9A32-B8C09B1C8F9F}.Release|Any CPU.ActiveCfg = Release|Any CPU
		{D4A96F12-9B1D-4A7C-9A32-B8C09B1C8F9F}.Release|Any CPU.Build.0 = Release|Any CPU
		{D4A96F12-9B1D-4A7C-9A32-B8C09B1C8F9F}.Release|x64.ActiveCfg = Release|Any CPU
		{D4A96F12-9B1D-4A7C-9A32-B8C09B1C8F9F}.Release|x64.Build.0 = Release|Any CPU
		{D4A96F12-9B1D-4A7C-9A32-B8C09B1C8F9F}.Release|x86.ActiveCfg = Release|Any CPU
		{D4A96F12-9B1D-4A7C-9A32-B8C09B1C8F9F}.Release|x86.Build.0 = Release|Any CPU
		{09D99FCE-82DE-4CA3-965E-4396C04F158A}.Debug|Any CPU.ActiveCfg = Debug|Any CPU
		{09D99FCE-82DE-4CA3-965E-4396C04F158A}.Debug|Any CPU.Build.0 = Debug|Any CPU
		{09D99FCE-82DE-4CA3-965E-4396C04F158A}.Debug|x64.ActiveCfg = Debug|Any CPU
		{09D99FCE-82DE-4CA3-965E-4396C04F158A}.Debug|x64.Build.0 = Debug|Any CPU
		{09D99FCE-82DE-4CA3-965E-4396C04F158A}.Debug|x86.ActiveCfg = Debug|Any CPU
		{09D99FCE-82DE-4CA3-965E-4396C04F158A}.Debug|x86.Build.0 = Debug|Any CPU
		{09D99FCE-82DE-4CA3-965E-4396C04F158A}.Release|Any CPU.ActiveCfg = Release|Any CPU
		{09D99FCE-82DE-4CA3-965E-4396C04F158A}.Release|Any CPU.Build.0 = Release|Any CPU
		{09D99FCE-82DE-4CA3-965E-4396C04F158A}.Release|x64.ActiveCfg = Release|Any CPU
		{09D99FCE-82DE-4CA3-965E-4396C04F158A}.Release|x64.Build.0 = Release|Any CPU
		{09D99FCE-82DE-4CA3-965E-4396C04F158A}.Release|x86.ActiveCfg = Release|Any CPU
		{09D99FCE-82DE-4CA3-965E-4396C04F158A}.Release|x86.Build.0 = Release|Any CPU
		{A93B52C5-E8B9-4BFE-9E4C-346EB24CE7D6}.Debug|Any CPU.ActiveCfg = Debug|Any CPU
		{A93B52C5-E8B9-4BFE-9E4C-346EB24CE7D6}.Debug|Any CPU.Build.0 = Debug|Any CPU
		{A93B52C5-E8B9-4BFE-9E4C-346EB24CE7D6}.Debug|x64.ActiveCfg = Debug|Any CPU
		{A93B52C5-E8B9-4BFE-9E4C-346EB24CE7D6}.Debug|x64.Build.0 = Debug|Any CPU
		{A93B52C5-E8B9-4BFE-9E4C-346EB24CE7D6}.Debug|x86.ActiveCfg = Debug|Any CPU
		{A93B52C5-E8B9-4BFE-9E4C-346EB24CE7D6}.Debug|x86.Build.0 = Debug|Any CPU
		{A93B52C5-E8B9-4BFE-9E4C-346EB24CE7D6}.Release|Any CPU.ActiveCfg = Release|Any CPU
		{A93B52C5-E8B9-4BFE-9E4C-346EB24CE7D6}.Release|Any CPU.Build.0 = Release|Any CPU
		{A93B52C5-E8B9-4BFE-9E4C-346EB24CE7D6}.Release|x64.ActiveCfg = Release|Any CPU
		{A93B52C5-E8B9-4BFE-9E4C-346EB24CE7D6}.Release|x64.Build.0 = Release|Any CPU
		{A93B52C5-E8B9-4BFE-9E4C-346EB24CE7D6}.Release|x86.ActiveCfg = Release|Any CPU
		{A93B52C5-E8B9-4BFE-9E4C-346EB24CE7D6}.Release|x86.Build.0 = Release|Any CPU
		{F4FDB56C-273E-475D-8C3D-10CEC5B561E6}.Debug|Any CPU.ActiveCfg = Debug|Any CPU
		{F4FDB56C-273E-475D-8C3D-10CEC5B561E6}.Debug|Any CPU.Build.0 = Debug|Any CPU
		{F4FDB56C-273E-475D-8C3D-10CEC5B561E6}.Debug|x64.ActiveCfg = Debug|Any CPU
		{F4FDB56C-273E-475D-8C3D-10CEC5B561E6}.Debug|x64.Build.0 = Debug|Any CPU
		{F4FDB56C-273E-475D-8C3D-10CEC5B561E6}.Debug|x86.ActiveCfg = Debug|Any CPU
		{F4FDB56C-273E-475D-8C3D-10CEC5B561E6}.Debug|x86.Build.0 = Debug|Any CPU
		{F4FDB56C-273E-475D-8C3D-10CEC5B561E6}.Release|Any CPU.ActiveCfg = Release|Any CPU
		{F4FDB56C-273E-475D-8C3D-10CEC5B561E6}.Release|Any CPU.Build.0 = Release|Any CPU
		{F4FDB56C-273E-475D-8C3D-10CEC5B561E6}.Release|x64.ActiveCfg = Release|Any CPU
		{F4FDB56C-273E-475D-8C3D-10CEC5B561E6}.Release|x64.Build.0 = Release|Any CPU
		{F4FDB56C-273E-475D-8C3D-10CEC5B561E6}.Release|x86.ActiveCfg = Release|Any CPU
		{F4FDB56C-273E-475D-8C3D-10CEC5B561E6}.Release|x86.Build.0 = Release|Any CPU
		{B9F50871-DD86-4336-885B-D533AF2752FE}.Debug|Any CPU.ActiveCfg = Debug|Any CPU
		{B9F50871-DD86-4336-885B-D533AF2752FE}.Debug|Any CPU.Build.0 = Debug|Any CPU
		{B9F50871-DD86-4336-885B-D533AF2752FE}.Debug|x64.ActiveCfg = Debug|Any CPU
		{B9F50871-DD86-4336-885B-D533AF2752FE}.Debug|x64.Build.0 = Debug|Any CPU
		{B9F50871-DD86-4336-885B-D533AF2752FE}.Debug|x86.ActiveCfg = Debug|Any CPU
		{B9F50871-DD86-4336-885B-D533AF2752FE}.Debug|x86.Build.0 = Debug|Any CPU
		{B9F50871-DD86-4336-885B-D533AF2752FE}.Release|Any CPU.ActiveCfg = Release|Any CPU
		{B9F50871-DD86-4336-885B-D533AF2752FE}.Release|Any CPU.Build.0 = Release|Any CPU
		{B9F50871-DD86-4336-885B-D533AF2752FE}.Release|x64.ActiveCfg = Release|Any CPU
		{B9F50871-DD86-4336-885B-D533AF2752FE}.Release|x64.Build.0 = Release|Any CPU
		{B9F50871-DD86-4336-885B-D533AF2752FE}.Release|x86.ActiveCfg = Release|Any CPU
		{B9F50871-DD86-4336-885B-D533AF2752FE}.Release|x86.Build.0 = Release|Any CPU
		{793E1EEA-6D93-40C1-9BBB-F67E130C96DC}.Debug|Any CPU.ActiveCfg = Debug|Any CPU
		{793E1EEA-6D93-40C1-9BBB-F67E130C96DC}.Debug|Any CPU.Build.0 = Debug|Any CPU
		{793E1EEA-6D93-40C1-9BBB-F67E130C96DC}.Debug|x64.ActiveCfg = Debug|Any CPU
		{793E1EEA-6D93-40C1-9BBB-F67E130C96DC}.Debug|x64.Build.0 = Debug|Any CPU
		{793E1EEA-6D93-40C1-9BBB-F67E130C96DC}.Debug|x86.ActiveCfg = Debug|Any CPU
		{793E1EEA-6D93-40C1-9BBB-F67E130C96DC}.Debug|x86.Build.0 = Debug|Any CPU
		{793E1EEA-6D93-40C1-9BBB-F67E130C96DC}.Release|Any CPU.ActiveCfg = Release|Any CPU
		{793E1EEA-6D93-40C1-9BBB-F67E130C96DC}.Release|Any CPU.Build.0 = Release|Any CPU
		{793E1EEA-6D93-40C1-9BBB-F67E130C96DC}.Release|x64.ActiveCfg = Release|Any CPU
		{793E1EEA-6D93-40C1-9BBB-F67E130C96DC}.Release|x64.Build.0 = Release|Any CPU
		{793E1EEA-6D93-40C1-9BBB-F67E130C96DC}.Release|x86.ActiveCfg = Release|Any CPU
		{793E1EEA-6D93-40C1-9BBB-F67E130C96DC}.Release|x86.Build.0 = Release|Any CPU
		{4D62A7DD-520A-4087-8F9F-5694399CBC03}.Debug|Any CPU.ActiveCfg = Debug|Any CPU
		{4D62A7DD-520A-4087-8F9F-5694399CBC03}.Debug|Any CPU.Build.0 = Debug|Any CPU
		{4D62A7DD-520A-4087-8F9F-5694399CBC03}.Debug|x64.ActiveCfg = Debug|Any CPU
		{4D62A7DD-520A-4087-8F9F-5694399CBC03}.Debug|x64.Build.0 = Debug|Any CPU
		{4D62A7DD-520A-4087-8F9F-5694399CBC03}.Debug|x86.ActiveCfg = Debug|Any CPU
		{4D62A7DD-520A-4087-8F9F-5694399CBC03}.Debug|x86.Build.0 = Debug|Any CPU
		{4D62A7DD-520A-4087-8F9F-5694399CBC03}.Release|Any CPU.ActiveCfg = Release|Any CPU
		{4D62A7DD-520A-4087-8F9F-5694399CBC03}.Release|Any CPU.Build.0 = Release|Any CPU
		{4D62A7DD-520A-4087-8F9F-5694399CBC03}.Release|x64.ActiveCfg = Release|Any CPU
		{4D62A7DD-520A-4087-8F9F-5694399CBC03}.Release|x64.Build.0 = Release|Any CPU
		{4D62A7DD-520A-4087-8F9F-5694399CBC03}.Release|x86.ActiveCfg = Release|Any CPU
		{4D62A7DD-520A-4087-8F9F-5694399CBC03}.Release|x86.Build.0 = Release|Any CPU
		{7C72F029-4FE1-4326-93DB-C6F39DA1DB08}.Debug|Any CPU.ActiveCfg = Debug|Any CPU
		{7C72F029-4FE1-4326-93DB-C6F39DA1DB08}.Debug|Any CPU.Build.0 = Debug|Any CPU
		{7C72F029-4FE1-4326-93DB-C6F39DA1DB08}.Debug|x64.ActiveCfg = Debug|Any CPU
		{7C72F029-4FE1-4326-93DB-C6F39DA1DB08}.Debug|x64.Build.0 = Debug|Any CPU
		{7C72F029-4FE1-4326-93DB-C6F39DA1DB08}.Debug|x86.ActiveCfg = Debug|Any CPU
		{7C72F029-4FE1-4326-93DB-C6F39DA1DB08}.Debug|x86.Build.0 = Debug|Any CPU
		{7C72F029-4FE1-4326-93DB-C6F39DA1DB08}.Release|Any CPU.ActiveCfg = Release|Any CPU
		{7C72F029-4FE1-4326-93DB-C6F39DA1DB08}.Release|Any CPU.Build.0 = Release|Any CPU
		{7C72F029-4FE1-4326-93DB-C6F39DA1DB08}.Release|x64.ActiveCfg = Release|Any CPU
		{7C72F029-4FE1-4326-93DB-C6F39DA1DB08}.Release|x64.Build.0 = Release|Any CPU
		{7C72F029-4FE1-4326-93DB-C6F39DA1DB08}.Release|x86.ActiveCfg = Release|Any CPU
		{7C72F029-4FE1-4326-93DB-C6F39DA1DB08}.Release|x86.Build.0 = Release|Any CPU
		{97110948-5319-4FAF-8409-FA98090DC23F}.Debug|Any CPU.ActiveCfg = Debug|Any CPU
		{97110948-5319-4FAF-8409-FA98090DC23F}.Debug|Any CPU.Build.0 = Debug|Any CPU
		{97110948-5319-4FAF-8409-FA98090DC23F}.Debug|x64.ActiveCfg = Debug|Any CPU
		{97110948-5319-4FAF-8409-FA98090DC23F}.Debug|x64.Build.0 = Debug|Any CPU
		{97110948-5319-4FAF-8409-FA98090DC23F}.Debug|x86.ActiveCfg = Debug|Any CPU
		{97110948-5319-4FAF-8409-FA98090DC23F}.Debug|x86.Build.0 = Debug|Any CPU
		{97110948-5319-4FAF-8409-FA98090DC23F}.Release|Any CPU.ActiveCfg = Release|Any CPU
		{97110948-5319-4FAF-8409-FA98090DC23F}.Release|Any CPU.Build.0 = Release|Any CPU
		{97110948-5319-4FAF-8409-FA98090DC23F}.Release|x64.ActiveCfg = Release|Any CPU
		{97110948-5319-4FAF-8409-FA98090DC23F}.Release|x64.Build.0 = Release|Any CPU
		{97110948-5319-4FAF-8409-FA98090DC23F}.Release|x86.ActiveCfg = Release|Any CPU
		{97110948-5319-4FAF-8409-FA98090DC23F}.Release|x86.Build.0 = Release|Any CPU
		{DBDFB267-85E5-4AF9-9B2D-FA4A4C51ACF4}.Debug|Any CPU.ActiveCfg = Debug|Any CPU
		{DBDFB267-85E5-4AF9-9B2D-FA4A4C51ACF4}.Debug|Any CPU.Build.0 = Debug|Any CPU
		{DBDFB267-85E5-4AF9-9B2D-FA4A4C51ACF4}.Debug|x64.ActiveCfg = Debug|Any CPU
		{DBDFB267-85E5-4AF9-9B2D-FA4A4C51ACF4}.Debug|x64.Build.0 = Debug|Any CPU
		{DBDFB267-85E5-4AF9-9B2D-FA4A4C51ACF4}.Debug|x86.ActiveCfg = Debug|Any CPU
		{DBDFB267-85E5-4AF9-9B2D-FA4A4C51ACF4}.Debug|x86.Build.0 = Debug|Any CPU
		{DBDFB267-85E5-4AF9-9B2D-FA4A4C51ACF4}.Release|Any CPU.ActiveCfg = Release|Any CPU
		{DBDFB267-85E5-4AF9-9B2D-FA4A4C51ACF4}.Release|Any CPU.Build.0 = Release|Any CPU
		{DBDFB267-85E5-4AF9-9B2D-FA4A4C51ACF4}.Release|x64.ActiveCfg = Release|Any CPU
		{DBDFB267-85E5-4AF9-9B2D-FA4A4C51ACF4}.Release|x64.Build.0 = Release|Any CPU
		{DBDFB267-85E5-4AF9-9B2D-FA4A4C51ACF4}.Release|x86.ActiveCfg = Release|Any CPU
		{DBDFB267-85E5-4AF9-9B2D-FA4A4C51ACF4}.Release|x86.Build.0 = Release|Any CPU
		{54DFF749-1437-4228-BF33-AEA58CF5FA59}.Debug|Any CPU.ActiveCfg = Debug|Any CPU
		{54DFF749-1437-4228-BF33-AEA58CF5FA59}.Debug|Any CPU.Build.0 = Debug|Any CPU
		{54DFF749-1437-4228-BF33-AEA58CF5FA59}.Debug|x64.ActiveCfg = Debug|Any CPU
		{54DFF749-1437-4228-BF33-AEA58CF5FA59}.Debug|x64.Build.0 = Debug|Any CPU
		{54DFF749-1437-4228-BF33-AEA58CF5FA59}.Debug|x86.ActiveCfg = Debug|Any CPU
		{54DFF749-1437-4228-BF33-AEA58CF5FA59}.Debug|x86.Build.0 = Debug|Any CPU
		{54DFF749-1437-4228-BF33-AEA58CF5FA59}.Release|Any CPU.ActiveCfg = Release|Any CPU
		{54DFF749-1437-4228-BF33-AEA58CF5FA59}.Release|Any CPU.Build.0 = Release|Any CPU
		{54DFF749-1437-4228-BF33-AEA58CF5FA59}.Release|x64.ActiveCfg = Release|Any CPU
		{54DFF749-1437-4228-BF33-AEA58CF5FA59}.Release|x64.Build.0 = Release|Any CPU
		{54DFF749-1437-4228-BF33-AEA58CF5FA59}.Release|x86.ActiveCfg = Release|Any CPU
		{54DFF749-1437-4228-BF33-AEA58CF5FA59}.Release|x86.Build.0 = Release|Any CPU
		{C3AAF37A-02A9-46CE-AB32-8B9FAD630038}.Debug|Any CPU.ActiveCfg = Debug|Any CPU
		{C3AAF37A-02A9-46CE-AB32-8B9FAD630038}.Debug|Any CPU.Build.0 = Debug|Any CPU
		{C3AAF37A-02A9-46CE-AB32-8B9FAD630038}.Debug|x64.ActiveCfg = Debug|Any CPU
		{C3AAF37A-02A9-46CE-AB32-8B9FAD630038}.Debug|x64.Build.0 = Debug|Any CPU
		{C3AAF37A-02A9-46CE-AB32-8B9FAD630038}.Debug|x86.ActiveCfg = Debug|Any CPU
		{C3AAF37A-02A9-46CE-AB32-8B9FAD630038}.Debug|x86.Build.0 = Debug|Any CPU
		{C3AAF37A-02A9-46CE-AB32-8B9FAD630038}.Release|Any CPU.ActiveCfg = Release|Any CPU
		{C3AAF37A-02A9-46CE-AB32-8B9FAD630038}.Release|Any CPU.Build.0 = Release|Any CPU
		{C3AAF37A-02A9-46CE-AB32-8B9FAD630038}.Release|x64.ActiveCfg = Release|Any CPU
		{C3AAF37A-02A9-46CE-AB32-8B9FAD630038}.Release|x64.Build.0 = Release|Any CPU
		{C3AAF37A-02A9-46CE-AB32-8B9FAD630038}.Release|x86.ActiveCfg = Release|Any CPU
		{C3AAF37A-02A9-46CE-AB32-8B9FAD630038}.Release|x86.Build.0 = Release|Any CPU
	EndGlobalSection
	GlobalSection(SolutionProperties) = preSolution
		HideSolutionNode = FALSE
	EndGlobalSection
	GlobalSection(NestedProjects) = preSolution
		{2DC19AA4-ED74-411D-9C56-01CC5ABE1DAD} = {1EF32545-4D0A-443E-A831-76280EB4CED8}
		{851B31BB-8595-48F9-8FD0-BABAB09A6DBF} = {1EF32545-4D0A-443E-A831-76280EB4CED8}
		{997E2B52-4FFF-45E2-99ED-DFAB2C72D142} = {1EF32545-4D0A-443E-A831-76280EB4CED8}
		{11E75D49-747E-4663-B2D9-62C3FE756624} = {1EF32545-4D0A-443E-A831-76280EB4CED8}
		{4EF05636-084F-4D74-ADE2-CD30E8063433} = {1EF32545-4D0A-443E-A831-76280EB4CED8}
		{CBE1F020-97DF-4232-A01F-2B312366FD47} = {1EF32545-4D0A-443E-A831-76280EB4CED8}
		{72E2FB9D-68C6-41AA-B9B6-688BF3A49388} = {5DD69A25-217E-46A4-B419-DF9F5586B29D}
		{C532A31C-843F-4856-B85A-051DAE0CFB36} = {34C66D64-C830-42D6-BF9F-89AEB22935B8}
		{9CB54658-CED1-47DD-A3A0-EFAEBE1E2614} = {34C66D64-C830-42D6-BF9F-89AEB22935B8}
		{AF61A251-71B0-4859-9138-A43599A2504E} = {34C66D64-C830-42D6-BF9F-89AEB22935B8}
		{D4A96F12-9B1D-4A7C-9A32-B8C09B1C8F9F} = {34C66D64-C830-42D6-BF9F-89AEB22935B8}
		{09D99FCE-82DE-4CA3-965E-4396C04F158A} = {1EF32545-4D0A-443E-A831-76280EB4CED8}
		{A93B52C5-E8B9-4BFE-9E4C-346EB24CE7D6} = {1EF32545-4D0A-443E-A831-76280EB4CED8}
		{F4FDB56C-273E-475D-8C3D-10CEC5B561E6} = {1EF32545-4D0A-443E-A831-76280EB4CED8}
		{B9F50871-DD86-4336-885B-D533AF2752FE} = {34C66D64-C830-42D6-BF9F-89AEB22935B8}
		{793E1EEA-6D93-40C1-9BBB-F67E130C96DC} = {34C66D64-C830-42D6-BF9F-89AEB22935B8}
		{4D62A7DD-520A-4087-8F9F-5694399CBC03} = {34C66D64-C830-42D6-BF9F-89AEB22935B8}
		{7C72F029-4FE1-4326-93DB-C6F39DA1DB08} = {34C66D64-C830-42D6-BF9F-89AEB22935B8}
		{97110948-5319-4FAF-8409-FA98090DC23F} = {34C66D64-C830-42D6-BF9F-89AEB22935B8}
		{DBDFB267-85E5-4AF9-9B2D-FA4A4C51ACF4} = {34C66D64-C830-42D6-BF9F-89AEB22935B8}
		{54DFF749-1437-4228-BF33-AEA58CF5FA59} = {34C66D64-C830-42D6-BF9F-89AEB22935B8}
		{C3AAF37A-02A9-46CE-AB32-8B9FAD630038} = {34C66D64-C830-42D6-BF9F-89AEB22935B8}
	EndGlobalSection
EndGlobal
